// !$*UTF8*$!
{
	archiveVersion = 1;
	classes = {
	};
	objectVersion = 50;
	objects = {

/* Begin PBXBuildFile section */
		582E7F9D2504B7E700D0A6FA /* AppDelegate.swift in Sources */ = {isa = PBXBuildFile; fileRef = 582E7F9C2504B7E700D0A6FA /* AppDelegate.swift */; };
		582E7F9F2504B7E700D0A6FA /* SceneDelegate.swift in Sources */ = {isa = PBXBuildFile; fileRef = 582E7F9E2504B7E700D0A6FA /* SceneDelegate.swift */; };
		582E7FA12504B7E700D0A6FA /* ViewController.swift in Sources */ = {isa = PBXBuildFile; fileRef = 582E7FA02504B7E700D0A6FA /* ViewController.swift */; };
		582E7FA42504B7E700D0A6FA /* Main.storyboard in Resources */ = {isa = PBXBuildFile; fileRef = 582E7FA22504B7E700D0A6FA /* Main.storyboard */; };
		582E7FA62504B7EF00D0A6FA /* Assets.xcassets in Resources */ = {isa = PBXBuildFile; fileRef = 582E7FA52504B7EF00D0A6FA /* Assets.xcassets */; };
		582E7FA92504B7EF00D0A6FA /* LaunchScreen.storyboard in Resources */ = {isa = PBXBuildFile; fileRef = 582E7FA72504B7EF00D0A6FA /* LaunchScreen.storyboard */; };
/* End PBXBuildFile section */

/* Begin PBXFileReference section */
		582E7F992504B7E700D0A6FA /* CoctailBar.app */ = {isa = PBXFileReference; explicitFileType = wrapper.application; includeInIndex = 0; path = CoctailBar.app; sourceTree = BUILT_PRODUCTS_DIR; };
		582E7F9C2504B7E700D0A6FA /* AppDelegate.swift */ = {isa = PBXFileReference; lastKnownFileType = sourcecode.swift; path = AppDelegate.swift; sourceTree = "<group>"; };
		582E7F9E2504B7E700D0A6FA /* SceneDelegate.swift */ = {isa = PBXFileReference; lastKnownFileType = sourcecode.swift; path = SceneDelegate.swift; sourceTree = "<group>"; };
		582E7FA02504B7E700D0A6FA /* ViewController.swift */ = {isa = PBXFileReference; lastKnownFileType = sourcecode.swift; path = ViewController.swift; sourceTree = "<group>"; };
		582E7FA32504B7E700D0A6FA /* Base */ = {isa = PBXFileReference; lastKnownFileType = file.storyboard; name = Base; path = Base.lproj/Main.storyboard; sourceTree = "<group>"; };
		582E7FA52504B7EF00D0A6FA /* Assets.xcassets */ = {isa = PBXFileReference; lastKnownFileType = folder.assetcatalog; path = Assets.xcassets; sourceTree = "<group>"; };
		582E7FA82504B7EF00D0A6FA /* Base */ = {isa = PBXFileReference; lastKnownFileType = file.storyboard; name = Base; path = Base.lproj/LaunchScreen.storyboard; sourceTree = "<group>"; };
		582E7FAA2504B7EF00D0A6FA /* Info.plist */ = {isa = PBXFileReference; lastKnownFileType = text.plist.xml; path = Info.plist; sourceTree = "<group>"; };
/* End PBXFileReference section */

/* Begin PBXFrameworksBuildPhase section */
		582E7F962504B7E700D0A6FA /* Frameworks */ = {
			isa = PBXFrameworksBuildPhase;
			buildActionMask = 2147483647;
			files = (
			);
			runOnlyForDeploymentPostprocessing = 0;
		};
/* End PBXFrameworksBuildPhase section */

/* Begin PBXGroup section */
		582E7F902504B7E700D0A6FA = {
			isa = PBXGroup;
			children = (
				582E7F9B2504B7E700D0A6FA /* CoctailBar */,
				582E7F9A2504B7E700D0A6FA /* Products */,
			);
			sourceTree = "<group>";
		};
		582E7F9A2504B7E700D0A6FA /* Products */ = {
			isa = PBXGroup;
			children = (
				582E7F992504B7E700D0A6FA /* CoctailBar.app */,
			);
			name = Products;
			sourceTree = "<group>";
		};
		582E7F9B2504B7E700D0A6FA /* CoctailBar */ = {
			isa = PBXGroup;
			children = (
				582E7F9C2504B7E700D0A6FA /* AppDelegate.swift */,
				582E7F9E2504B7E700D0A6FA /* SceneDelegate.swift */,
				582E7FA02504B7E700D0A6FA /* ViewController.swift */,
				582E7FA22504B7E700D0A6FA /* Main.storyboard */,
				582E7FA52504B7EF00D0A6FA /* Assets.xcassets */,
				582E7FA72504B7EF00D0A6FA /* LaunchScreen.storyboard */,
				582E7FAA2504B7EF00D0A6FA /* Info.plist */,
			);
			path = CoctailBar;
			sourceTree = "<group>";
		};
/* End PBXGroup section */

/* Begin PBXNativeTarget section */
		582E7F982504B7E700D0A6FA /* CoctailBar */ = {
			isa = PBXNativeTarget;
			buildConfigurationList = 582E7FAD2504B7EF00D0A6FA /* Build configuration list for PBXNativeTarget "CoctailBar" */;
			buildPhases = (
				582E7F952504B7E700D0A6FA /* Sources */,
				582E7F962504B7E700D0A6FA /* Frameworks */,
				582E7F972504B7E700D0A6FA /* Resources */,
			);
			buildRules = (
			);
			dependencies = (
			);
			name = CoctailBar;
			productName = CoctailBar;
			productReference = 582E7F992504B7E700D0A6FA /* CoctailBar.app */;
			productType = "com.apple.product-type.application";
		};
/* End PBXNativeTarget section */

/* Begin PBXProject section */
		582E7F912504B7E700D0A6FA /* Project object */ = {
			isa = PBXProject;
			attributes = {
				LastSwiftUpdateCheck = 1160;
				LastUpgradeCheck = 1160;
				ORGANIZATIONNAME = "Eugene St";
				TargetAttributes = {
					582E7F982504B7E700D0A6FA = {
						CreatedOnToolsVersion = 11.6;
					};
				};
			};
			buildConfigurationList = 582E7F942504B7E700D0A6FA /* Build configuration list for PBXProject "CoctailBar" */;
			compatibilityVersion = "Xcode 9.3";
			developmentRegion = en;
			hasScannedForEncodings = 0;
			knownRegions = (
				en,
				Base,
			);
			mainGroup = 582E7F902504B7E700D0A6FA;
			productRefGroup = 582E7F9A2504B7E700D0A6FA /* Products */;
			projectDirPath = "";
			projectRoot = "";
			targets = (
				582E7F982504B7E700D0A6FA /* CoctailBar */,
			);
		};
/* End PBXProject section */

/* Begin PBXResourcesBuildPhase section */
		582E7F972504B7E700D0A6FA /* Resources */ = {
			isa = PBXResourcesBuildPhase;
			buildActionMask = 2147483647;
			files = (
				582E7FA92504B7EF00D0A6FA /* LaunchScreen.storyboard in Resources */,
				582E7FA62504B7EF00D0A6FA /* Assets.xcassets in Resources */,
				582E7FA42504B7E700D0A6FA /* Main.storyboard in Resources */,
			);
			runOnlyForDeploymentPostprocessing = 0;
		};
/* End PBXResourcesBuildPhase section */

/* Begin PBXSourcesBuildPhase section */
		582E7F952504B7E700D0A6FA /* Sources */ = {
			isa = PBXSourcesBuildPhase;
			buildActionMask = 2147483647;
			files = (
				582E7FA12504B7E700D0A6FA /* ViewController.swift in Sources */,
				582E7F9D2504B7E700D0A6FA /* AppDelegate.swift in Sources */,
				582E7F9F2504B7E700D0A6FA /* SceneDelegate.swift in Sources */,
			);
			runOnlyForDeploymentPostprocessing = 0;
		};
/* End PBXSourcesBuildPhase section */

/* Begin PBXVariantGroup section */
		582E7FA22504B7E700D0A6FA /* Main.storyboard */ = {
			isa = PBXVariantGroup;
			children = (
				582E7FA32504B7E700D0A6FA /* Base */,
			);
			name = Main.storyboard;
			sourceTree = "<group>";
		};
		582E7FA72504B7EF00D0A6FA /* LaunchScreen.storyboard */ = {
			isa = PBXVariantGroup;
			children = (
				582E7FA82504B7EF00D0A6FA /* Base */,
			);
			name = LaunchScreen.storyboard;
			sourceTree = "<group>";
		};
/* End PBXVariantGroup section */

/* Begin XCBuildConfiguration section */
		582E7FAB2504B7EF00D0A6FA /* Debug */ = {
			isa = XCBuildConfiguration;
			buildSettings = {
				ALWAYS_SEARCH_USER_PATHS = NO;
				CLANG_ANALYZER_NONNULL = YES;
				CLANG_ANALYZER_NUMBER_OBJECT_CONVERSION = YES_AGGRESSIVE;
				CLANG_CXX_LANGUAGE_STANDARD = "gnu++14";
				CLANG_CXX_LIBRARY = "libc++";
				CLANG_ENABLE_MODULES = YES;
				CLANG_ENABLE_OBJC_ARC = YES;
				CLANG_ENABLE_OBJC_WEAK = YES;
				CLANG_WARN_BLOCK_CAPTURE_AUTORELEASING = YES;
				CLANG_WARN_BOOL_CONVERSION = YES;
				CLANG_WARN_COMMA = YES;
				CLANG_WARN_CONSTANT_CONVERSION = YES;
				CLANG_WARN_DEPRECATED_OBJC_IMPLEMENTATIONS = YES;
				CLANG_WARN_DIRECT_OBJC_ISA_USAGE = YES_ERROR;
				CLANG_WARN_DOCUMENTATION_COMMENTS = YES;
				CLANG_WARN_EMPTY_BODY = YES;
				CLANG_WARN_ENUM_CONVERSION = YES;
				CLANG_WARN_INFINITE_RECURSION = YES;
				CLANG_WARN_INT_CONVERSION = YES;
				CLANG_WARN_NON_LITERAL_NULL_CONVERSION = YES;
				CLANG_WARN_OBJC_IMPLICIT_RETAIN_SELF = YES;
				CLANG_WARN_OBJC_LITERAL_CONVERSION = YES;
				CLANG_WARN_OBJC_ROOT_CLASS = YES_ERROR;
				CLANG_WARN_RANGE_LOOP_ANALYSIS = YES;
				CLANG_WARN_STRICT_PROTOTYPES = YES;
				CLANG_WARN_SUSPICIOUS_MOVE = YES;
				CLANG_WARN_UNGUARDED_AVAILABILITY = YES_AGGRESSIVE;
				CLANG_WARN_UNREACHABLE_CODE = YES;
				CLANG_WARN__DUPLICATE_METHOD_MATCH = YES;
				COPY_PHASE_STRIP = NO;
				DEBUG_INFORMATION_FORMAT = dwarf;
				ENABLE_STRICT_OBJC_MSGSEND = YES;
				ENABLE_TESTABILITY = YES;
				GCC_C_LANGUAGE_STANDARD = gnu11;
				GCC_DYNAMIC_NO_PIC = NO;
				GCC_NO_COMMON_BLOCKS = YES;
				GCC_OPTIMIZATION_LEVEL = 0;
				GCC_PREPROCESSOR_DEFINITIONS = (
					"DEBUG=1",
					"$(inherited)",
				);
				GCC_WARN_64_TO_32_BIT_CONVERSION = YES;
				GCC_WARN_ABOUT_RETURN_TYPE = YES_ERROR;
				GCC_WARN_UNDECLARED_SELECTOR = YES;
				GCC_WARN_UNINITIALIZED_AUTOS = YES_AGGRESSIVE;
				GCC_WARN_UNUSED_FUNCTION = YES;
				GCC_WARN_UNUSED_VARIABLE = YES;
				IPHONEOS_DEPLOYMENT_TARGET = 13.6;
				MTL_ENABLE_DEBUG_INFO = INCLUDE_SOURCE;
				MTL_FAST_MATH = YES;
				ONLY_ACTIVE_ARCH = YES;
				SDKROOT = iphoneos;
				SWIFT_ACTIVE_COMPILATION_CONDITIONS = DEBUG;
				SWIFT_OPTIMIZATION_LEVEL = "-Onone";
			};
			name = Debug;
		};
		582E7FAC2504B7EF00D0A6FA /* Release */ = {
			isa = XCBuildConfiguration;
			buildSettings = {
				ALWAYS_SEARCH_USER_PATHS = NO;
				CLANG_ANALYZER_NONNULL = YES;
				CLANG_ANALYZER_NUMBER_OBJECT_CONVERSION = YES_AGGRESSIVE;
				CLANG_CXX_LANGUAGE_STANDARD = "gnu++14";
				CLANG_CXX_LIBRARY = "libc++";
				CLANG_ENABLE_MODULES = YES;
				CLANG_ENABLE_OBJC_ARC = YES;
				CLANG_ENABLE_OBJC_WEAK = YES;
				CLANG_WARN_BLOCK_CAPTURE_AUTORELEASING = YES;
				CLANG_WARN_BOOL_CONVERSION = YES;
				CLANG_WARN_COMMA = YES;
				CLANG_WARN_CONSTANT_CONVERSION = YES;
				CLANG_WARN_DEPRECATED_OBJC_IMPLEMENTATIONS = YES;
				CLANG_WARN_DIRECT_OBJC_ISA_USAGE = YES_ERROR;
				CLANG_WARN_DOCUMENTATION_COMMENTS = YES;
				CLANG_WARN_EMPTY_BODY = YES;
				CLANG_WARN_ENUM_CONVERSION = YES;
				CLANG_WARN_INFINITE_RECURSION = YES;
				CLANG_WARN_INT_CONVERSION = YES;
				CLANG_WARN_NON_LITERAL_NULL_CONVERSION = YES;
				CLANG_WARN_OBJC_IMPLICIT_RETAIN_SELF = YES;
				CLANG_WARN_OBJC_LITERAL_CONVERSION = YES;
				CLANG_WARN_OBJC_ROOT_CLASS = YES_ERROR;
				CLANG_WARN_RANGE_LOOP_ANALYSIS = YES;
				CLANG_WARN_STRICT_PROTOTYPES = YES;
				CLANG_WARN_SUSPICIOUS_MOVE = YES;
				CLANG_WARN_UNGUARDED_AVAILABILITY = YES_AGGRESSIVE;
				CLANG_WARN_UNREACHABLE_CODE = YES;
				CLANG_WARN__DUPLICATE_METHOD_MATCH = YES;
				COPY_PHASE_STRIP = NO;
				DEBUG_INFORMATION_FORMAT = "dwarf-with-dsym";
				ENABLE_NS_ASSERTIONS = NO;
				ENABLE_STRICT_OBJC_MSGSEND = YES;
				GCC_C_LANGUAGE_STANDARD = gnu11;
				GCC_NO_COMMON_BLOCKS = YES;
				GCC_WARN_64_TO_32_BIT_CONVERSION = YES;
				GCC_WARN_ABOUT_RETURN_TYPE = YES_ERROR;
				GCC_WARN_UNDECLARED_SELECTOR = YES;
				GCC_WARN_UNINITIALIZED_AUTOS = YES_AGGRESSIVE;
				GCC_WARN_UNUSED_FUNCTION = YES;
				GCC_WARN_UNUSED_VARIABLE = YES;
				IPHONEOS_DEPLOYMENT_TARGET = 13.6;
				MTL_ENABLE_DEBUG_INFO = NO;
				MTL_FAST_MATH = YES;
				SDKROOT = iphoneos;
				SWIFT_COMPILATION_MODE = wholemodule;
				SWIFT_OPTIMIZATION_LEVEL = "-O";
				VALIDATE_PRODUCT = YES;
			};
			name = Release;
		};
		582E7FAE2504B7EF00D0A6FA /* Debug */ = {
			isa = XCBuildConfiguration;
			buildSettings = {
				ASSETCATALOG_COMPILER_APPICON_NAME = AppIcon;
				CODE_SIGN_STYLE = Automatic;
				DEVELOPMENT_TEAM = B7NCZ24UXD;
				INFOPLIST_FILE = CoctailBar/Info.plist;
				LD_RUNPATH_SEARCH_PATHS = (
					"$(inherited)",
					"@executable_path/Frameworks",
				);
				PRODUCT_BUNDLE_IDENTIFIER = st.eugene.CoctailBar;
				PRODUCT_NAME = "$(TARGET_NAME)";
				SWIFT_VERSION = 5.0;
				TARGETED_DEVICE_FAMILY = "1,2";
			};
			name = Debug;
		};
		582E7FAF2504B7EF00D0A6FA /* Release */ = {
			isa = XCBuildConfiguration;
			buildSettings = {
				ASSETCATALOG_COMPILER_APPICON_NAME = AppIcon;
				CODE_SIGN_STYLE = Automatic;
				DEVELOPMENT_TEAM = B7NCZ24UXD;
				INFOPLIST_FILE = CoctailBar/Info.plist;
				LD_RUNPATH_SEARCH_PATHS = (
					"$(inherited)",
					"@executable_path/Frameworks",
				);
				PRODUCT_BUNDLE_IDENTIFIER = st.eugene.CoctailBar;
				PRODUCT_NAME = "$(TARGET_NAME)";
				SWIFT_VERSION = 5.0;
				TARGETED_DEVICE_FAMILY = "1,2";
			};
			name = Release;
		};
/* End XCBuildConfiguration section */

/* Begin XCConfigurationList section */
		582E7F942504B7E700D0A6FA /* Build configuration list for PBXProject "CoctailBar" */ = {
			isa = XCConfigurationList;
			buildConfigurations = (
				582E7FAB2504B7EF00D0A6FA /* Debug */,
				582E7FAC2504B7EF00D0A6FA /* Release */,
			);
			defaultConfigurationIsVisible = 0;
			defaultConfigurationName = Release;
		};
		582E7FAD2504B7EF00D0A6FA /* Build configuration list for PBXNativeTarget "CoctailBar" */ = {
			isa = XCConfigurationList;
			buildConfigurations = (
				582E7FAE2504B7EF00D0A6FA /* Debug */,
				582E7FAF2504B7EF00D0A6FA /* Release */,
			);
			defaultConfigurationIsVisible = 0;
			defaultConfigurationName = Release;
		};
/* End XCConfigurationList section */
	};
	rootObject = 582E7F912504B7E700D0A6FA /* Project object */;
}
